
Microsoft Visual Studio Solution File, Format Version 12.00
# Visual Studio Version 17
VisualStudioVersion = 17.6.33927.249
MinimumVisualStudioVersion = 10.0.40219.1
Project("{FAE04EC0-301F-11D3-BF4B-00C04F79EFBC}") = "CustomerQueue", "CustomerQueue\CustomerQueue.csproj", "{04AECF41-7000-4AFA-AFA3-EE8F08C6D702}"
EndProject
Global
	GlobalSection(SolutionConfigurationPlatforms) = preSolution
		Debug|Any CPU = Debug|Any CPU
		Release|Any CPU = Release|Any CPU
	EndGlobalSection
	GlobalSection(ProjectConfigurationPlatforms) = postSolution
		{04AECF41-7000-4AFA-AFA3-EE8F08C6D702}.Debug|Any CPU.ActiveCfg = Debug|Any CPU
		{04AECF41-7000-4AFA-AFA3-EE8F08C6D702}.Debug|Any CPU.Build.0 = Debug|Any CPU
		{04AECF41-7000-4AFA-AFA3-EE8F08C6D702}.Release|Any CPU.ActiveCfg = Release|Any CPU
		{04AECF41-7000-4AFA-AFA3-EE8F08C6D702}.Release|Any CPU.Build.0 = Release|Any CPU
	EndGlobalSection
	GlobalSection(SolutionProperties) = preSolution
		HideSolutionNode = FALSE
	EndGlobalSection
	GlobalSection(ExtensibilityGlobals) = postSolution
		SolutionGuid = {D0BFBAC4-5CD5-4824-9850-C46C82267DFA}
	EndGlobalSection
EndGlobal
